{
  "nodes": {
    "crane": {
      "inputs": {
        "flake-compat": "flake-compat",
        "flake-utils": "flake-utils",
        "nixpkgs": [
          "nixpkgs-f2k",
          "nixpkgs"
        ],
        "rust-overlay": "rust-overlay"
      },
      "locked": {
        "lastModified": 1683505101,
        "narHash": "sha256-VBU64Jfu2V4sUR5+tuQS9erBRAe/QEYUxdVMcJGMZZs=",
        "owner": "ipetkov",
        "repo": "crane",
        "rev": "7b5bd9e5acb2bb0cfba2d65f34d8568a894cdb6c",
        "type": "github"
      },
      "original": {
        "owner": "ipetkov",
        "repo": "crane",
        "type": "github"
      }
    },
    "emacs": {
      "inputs": {
        "flake-utils": "flake-utils_2",
        "nixpkgs": "nixpkgs"
      },
      "locked": {
        "lastModified": 1684348799,
        "narHash": "sha256-K/2G+BnHK3JdGnT/qkYWGljgy5kUeCZDSnBz4cLqb+c=",
        "owner": "nix-community",
        "repo": "emacs-overlay",
        "rev": "95c844b1985808df780acc1835a354fe3ff27282",
        "type": "github"
      },
      "original": {
        "owner": "nix-community",
        "repo": "emacs-overlay",
        "type": "github"
      }
    },
    "fenix": {
      "inputs": {
        "nixpkgs": [
          "nixpkgs-f2k",
          "nixpkgs-fmt",
          "nixpkgs"
        ],
        "rust-analyzer-src": "rust-analyzer-src"
      },
      "locked": {
        "lastModified": 1637475807,
        "narHash": "sha256-E3nzOvlzZXwyo8Stp5upKsTCDcqUTYAFj4EC060A31c=",
        "owner": "nix-community",
        "repo": "fenix",
        "rev": "960e7fef45692a4fffc6df6d6b613b0399bbdfd5",
        "type": "github"
      },
      "original": {
        "owner": "nix-community",
        "repo": "fenix",
        "type": "github"
      }
    },
    "flake-compat": {
      "flake": false,
      "locked": {
        "lastModified": 1673956053,
        "narHash": "sha256-4gtG9iQuiKITOjNQQeQIpoIB6b16fm+504Ch3sNKLd8=",
        "owner": "edolstra",
        "repo": "flake-compat",
        "rev": "35bb57c0c8d8b62bbfd284272c928ceb64ddbde9",
        "type": "github"
      },
      "original": {
        "owner": "edolstra",
        "repo": "flake-compat",
        "type": "github"
      }
    },
    "flake-utils": {
      "inputs": {
        "systems": "systems"
      },
      "locked": {
        "lastModified": 1681202837,
        "narHash": "sha256-H+Rh19JDwRtpVPAWp64F+rlEtxUWBAQW28eAi3SRSzg=",
        "owner": "numtide",
        "repo": "flake-utils",
        "rev": "cfacdce06f30d2b68473a46042957675eebb3401",
        "type": "github"
      },
      "original": {
        "owner": "numtide",
        "repo": "flake-utils",
        "type": "github"
      }
    },
    "flake-utils_2": {
      "locked": {
        "lastModified": 1667395993,
        "narHash": "sha256-nuEHfE/LcWyuSWnS8t12N1wc105Qtau+/OdUAjtQ0rA=",
        "owner": "numtide",
        "repo": "flake-utils",
        "rev": "5aed5285a952e0b949eb3ba02c12fa4fcfef535f",
        "type": "github"
      },
      "original": {
        "owner": "numtide",
        "repo": "flake-utils",
        "type": "github"
      }
    },
    "flake-utils_3": {
      "locked": {
        "lastModified": 1637014545,
        "narHash": "sha256-26IZAc5yzlD9FlDT54io1oqG/bBoyka+FJk5guaX4x4=",
        "owner": "numtide",
        "repo": "flake-utils",
        "rev": "bba5dcc8e0b20ab664967ad83d24d64cb64ec4f4",
        "type": "github"
      },
      "original": {
        "owner": "numtide",
        "repo": "flake-utils",
        "type": "github"
      }
    },
    "flake-utils_4": {
      "locked": {
        "lastModified": 1676283394,
        "narHash": "sha256-XX2f9c3iySLCw54rJ/CZs+ZK6IQy7GXNY4nSOyu2QG4=",
        "owner": "numtide",
        "repo": "flake-utils",
        "rev": "3db36a8b464d0c4532ba1c7dda728f4576d6d073",
        "type": "github"
      },
      "original": {
        "owner": "numtide",
        "repo": "flake-utils",
        "type": "github"
      }
    },
    "home-manager": {
      "inputs": {
        "nixpkgs": [
          "unstable"
        ],
        "utils": "utils"
      },
      "locked": {
        "lastModified": 1677783711,
        "narHash": "sha256-eq5mOVk3gv5HITtLhPjKwi8bFnOaQplA3X0WFgHnmxE=",
        "owner": "nix-community",
        "repo": "home-manager",
        "rev": "b9e3a29864798d55ec1d6579ab97876bb1ee9664",
        "type": "github"
      },
      "original": {
        "owner": "nix-community",
        "repo": "home-manager",
        "type": "github"
      }
    },
    "master": {
      "locked": {
        "lastModified": 1677954397,
        "narHash": "sha256-e8uI/MkRd+12yxxNjFwAz4o3cFJvu22RuUtDcNyGmQg=",
        "owner": "nixos",
        "repo": "nixpkgs",
        "rev": "707a47116598f3c68dd0a453f7df2482e385d539",
        "type": "github"
      },
      "original": {
        "owner": "nixos",
        "ref": "master",
        "repo": "nixpkgs",
        "type": "github"
      }
    },
    "nixpkgs": {
      "locked": {
        "lastModified": 1673540789,
        "narHash": "sha256-xqnxBOK3qctIeUVxecydrEDbEXjsvHCPGPbvsl63M/U=",
        "owner": "NixOS",
        "repo": "nixpkgs",
        "rev": "0f213d0fee84280d8c3a97f7469b988d6fe5fcdf",
        "type": "github"
      },
      "original": {
        "owner": "NixOS",
        "ref": "nixos-unstable",
        "repo": "nixpkgs",
        "type": "github"
      }
    },
    "nixpkgs-f2k": {
      "inputs": {
        "crane": "crane",
        "emacs": "emacs",
        "nixpkgs": "nixpkgs_2",
        "nixpkgs-fmt": "nixpkgs-fmt",
        "river-src": "river-src",
        "wezterm-src": "wezterm-src"
      },
      "locked": {
        "lastModified": 1684377418,
        "narHash": "sha256-Ba+XgqheoAFKOhX0zQqUcYGZth8TmnOtTTv1JsSUif0=",
        "owner": "fortuneteller2k",
        "repo": "nixpkgs-f2k",
        "rev": "0a892bbc44a4104741581f834c461e57abc38ca0",
        "type": "github"
      },
      "original": {
        "owner": "fortuneteller2k",
        "repo": "nixpkgs-f2k",
        "type": "github"
      }
    },
    "nixpkgs-fmt": {
      "inputs": {
        "fenix": "fenix",
        "flake-utils": "flake-utils_3",
        "nixpkgs": [
          "nixpkgs-f2k",
          "nixpkgs"
        ]
      },
      "locked": {
        "lastModified": 1678089153,
        "narHash": "sha256-Kr6EDc4RZuUHUu4rP+gh4CQSMH35RDJJ9600vAPZVzo=",
        "owner": "nix-community",
        "repo": "nixpkgs-fmt",
        "rev": "398c5226d3402ec075d36c504a4575c40d01cf0c",
        "type": "github"
      },
      "original": {
        "owner": "nix-community",
        "repo": "nixpkgs-fmt",
        "type": "github"
      }
    },
    "nixpkgs_2": {
      "locked": {
        "lastModified": 1684377142,
        "narHash": "sha256-A9L+BcTdMHVJLqehxBECgAfXX9qDCLmij2SOdE/Y8nM=",
        "owner": "NixOS",
        "repo": "nixpkgs",
        "rev": "781df2323b50e3a30d91c9556480cd1a7924c271",
        "type": "github"
      },
      "original": {
        "owner": "NixOS",
        "ref": "master",
        "repo": "nixpkgs",
        "type": "github"
      }
    },
    "nixpkgs_3": {
      "locked": {
        "lastModified": 1677932085,
        "narHash": "sha256-+AB4dYllWig8iO6vAiGGYl0NEgmMgGHpy9gzWJ3322g=",
        "owner": "NixOS",
        "repo": "nixpkgs",
        "rev": "3c5319ad3aa51551182ac82ea17ab1c6b0f0df89",
        "type": "github"
      },
      "original": {
        "owner": "NixOS",
        "ref": "nixos-unstable",
        "repo": "nixpkgs",
        "type": "github"
      }
    },
    "nur": {
      "locked": {
        "lastModified": 1677937538,
        "narHash": "sha256-NNQVDenK6rmUH9XkmarlzZff8X53KTd1J/cbnyAD01Q=",
        "owner": "nix-community",
        "repo": "NUR",
        "rev": "5a09f766566ae6f2b0137b102ffc9484283dfeda",
        "type": "github"
      },
      "original": {
        "owner": "nix-community",
        "repo": "NUR",
        "type": "github"
      }
    },
    "river-src": {
      "flake": false,
      "locked": {
        "lastModified": 1683838954,
        "narHash": "sha256-4Gwi7PiITj6i41YnngecFWd/pt5UQwslOM71C7tUR4k=",
        "ref": "refs/heads/master",
        "rev": "792d94253c191e653e4025a648d574d9f8ce99bf",
        "revCount": 1032,
        "submodules": true,
        "type": "git",
        "url": "https://github.com/riverwm/river.git"
      },
      "original": {
        "submodules": true,
        "type": "git",
        "url": "https://github.com/riverwm/river.git"
      }
    },
    "root": {
      "inputs": {
        "home-manager": "home-manager",
        "master": "master",
        "nixpkgs": [
          "unstable"
        ],
        "nixpkgs-f2k": "nixpkgs-f2k",
        "nur": "nur",
        "spicetify-nix": "spicetify-nix",
        "stable": "stable",
        "unstable": "unstable"
      }
    },
    "rust-analyzer-src": {
      "flake": false,
      "locked": {
        "lastModified": 1637439871,
        "narHash": "sha256-2awQ/obzl7zqYgLwbQL0zT58gN8Xq7n+81GcMiS595I=",
        "owner": "rust-analyzer",
        "repo": "rust-analyzer",
        "rev": "4566414789310acb2617543f4b50beab4bb48e06",
        "type": "github"
      },
      "original": {
        "owner": "rust-analyzer",
        "ref": "nightly",
        "repo": "rust-analyzer",
        "type": "github"
      }
    },
    "rust-overlay": {
      "inputs": {
        "flake-utils": [
          "nixpkgs-f2k",
          "crane",
          "flake-utils"
        ],
        "nixpkgs": [
          "nixpkgs-f2k",
          "crane",
          "nixpkgs"
        ]
      },
      "locked": {
        "lastModified": 1683080331,
        "narHash": "sha256-nGDvJ1DAxZIwdn6ww8IFwzoHb2rqBP4wv/65Wt5vflk=",
        "owner": "oxalica",
        "repo": "rust-overlay",
        "rev": "d59c3fa0cba8336e115b376c2d9e91053aa59e56",
        "type": "github"
      },
      "original": {
        "owner": "oxalica",
        "repo": "rust-overlay",
        "type": "github"
      }
    },
    "spicetify-cli": {
      "flake": false,
      "locked": {
        "lastModified": 1677851665,
        "narHash": "sha256-C5J+OJjoiPOo/scVd48lTBJKKWial3TCkCIDBSerO+4=",
        "owner": "spicetify",
        "repo": "spicetify-cli",
        "rev": "c9d8068d58d8c45f961ca42edcea47d7be904164",
        "type": "github"
      },
      "original": {
        "owner": "spicetify",
        "repo": "spicetify-cli",
        "type": "github"
      }
    },
    "spicetify-nix": {
      "inputs": {
        "flake-utils": "flake-utils_4",
        "nixpkgs": "nixpkgs_3",
        "spicetify-cli": "spicetify-cli"
      },
      "locked": {
        "lastModified": 1679401262,
        "narHash": "sha256-6HuFHrkQsjrP7bOUUN501q8FFsTwpMsw5+brsIUDJuY=",
        "owner": "the-argus",
        "repo": "spicetify-nix",
        "rev": "f89305a9af65abf3edfba10d12c2d1a572caddb6",
        "type": "github"
      },
      "original": {
        "owner": "the-argus",
        "repo": "spicetify-nix",
        "type": "github"
      }
    },
    "stable": {
      "locked": {
        "lastModified": 1677779205,
        "narHash": "sha256-6DBjL9wjq86p2GczmwnHtFRnWPBPItc67gapWENBgX8=",
        "owner": "nixos",
        "repo": "nixpkgs",
        "rev": "96e18717904dfedcd884541e5a92bf9ff632cf39",
        "type": "github"
      },
      "original": {
        "owner": "nixos",
        "ref": "nixos-22.11",
        "repo": "nixpkgs",
        "type": "github"
      }
    },
    "systems": {
      "locked": {
        "lastModified": 1681028828,
        "narHash": "sha256-Vy1rq5AaRuLzOxct8nz4T6wlgyUR7zLU309k9mBC768=",
        "owner": "nix-systems",
        "repo": "default",
        "rev": "da67096a3b9bf56a91d16901293e51ba5b49a27e",
        "type": "github"
      },
      "original": {
        "owner": "nix-systems",
        "repo": "default",
        "type": "github"
      }
    },
    "unstable": {
      "locked": {
        "lastModified": 1677676435,
        "narHash": "sha256-6FxdcmQr5JeZqsQvfinIMr0XcTyTuR7EXX0H3ANShpQ=",
        "owner": "nixos",
        "repo": "nixpkgs",
        "rev": "a08d6979dd7c82c4cef0dcc6ac45ab16051c1169",
        "type": "github"
      },
      "original": {
        "owner": "nixos",
        "ref": "nixos-unstable",
        "repo": "nixpkgs",
        "type": "github"
      }
    },
    "utils": {
      "locked": {
        "lastModified": 1667395993,
        "narHash": "sha256-nuEHfE/LcWyuSWnS8t12N1wc105Qtau+/OdUAjtQ0rA=",
        "owner": "numtide",
        "repo": "flake-utils",
        "rev": "5aed5285a952e0b949eb3ba02c12fa4fcfef535f",
        "type": "github"
      },
      "original": {
        "owner": "numtide",
        "repo": "flake-utils",
        "type": "github"
      }
    },
    "wezterm-src": {
      "flake": false,
      "locked": {
        "lastModified": 1684330485,
        "narHash": "sha256-io63r4DG9O5FEj9jtkk2S5wGj82JjYBdMPwbpgfnNy8=",
        "ref": "main",
        "rev": "6bcb8eed56c2e8fa2d18687bff84f19587e0cb53",
        "revCount": 7213,
        "submodules": true,
        "type": "git",
        "url": "https://github.com/wez/wezterm.git"
      },
      "original": {
        "ref": "main",
        "submodules": true,
        "type": "git",
        "url": "https://github.com/wez/wezterm.git"
      }
    }
  },
  "root": "root",
  "version": 7
}
